
Microsoft Visual Studio Solution File, Format Version 12.00
# Visual Studio Version 17
VisualStudioVersion = 17.11.35222.181
MinimumVisualStudioVersion = 10.0.40219.1
Project("{FAE04EC0-301F-11D3-BF4B-00C04F79EFBC}") = "sosiska2", "sosiska2\sosiska2.csproj", "{0FF5B6D2-B38A-40D3-A3C4-0EA3AF7350B2}"
EndProject
Project("{9A19103F-16F7-4668-BE54-9A1E7A4F7556}") = "Sosiska3", "Sosiska3\Sosiska3.csproj", "{E1D8F9D5-EFF3-4FA3-A4DA-A010B7CE3F5F}"
EndProject
Project("{9A19103F-16F7-4668-BE54-9A1E7A4F7556}") = "Model", "Model\Model.csproj", "{B4D017CC-A5B1-4E81-94F7-244C053F3207}"
EndProject
Project("{9A19103F-16F7-4668-BE54-9A1E7A4F7556}") = "DataAccess", "DataAccess\DataAccess.csproj", "{CC85C743-385E-4E0E-8917-F79FB5E3951F}"
EndProject
Project("{FAE04EC0-301F-11D3-BF4B-00C04F79EFBC}") = "проба", "проба\проба.csproj", "{6136B997-C84F-4299-8C45-0F492E17CA7E}"
EndProject
Global
	GlobalSection(SolutionConfigurationPlatforms) = preSolution
		Debug|Any CPU = Debug|Any CPU
		Release|Any CPU = Release|Any CPU
	EndGlobalSection
	GlobalSection(ProjectConfigurationPlatforms) = postSolution
		{0FF5B6D2-B38A-40D3-A3C4-0EA3AF7350B2}.Debug|Any CPU.ActiveCfg = Debug|Any CPU
		{0FF5B6D2-B38A-40D3-A3C4-0EA3AF7350B2}.Debug|Any CPU.Build.0 = Debug|Any CPU
		{0FF5B6D2-B38A-40D3-A3C4-0EA3AF7350B2}.Release|Any CPU.ActiveCfg = Release|Any CPU
		{0FF5B6D2-B38A-40D3-A3C4-0EA3AF7350B2}.Release|Any CPU.Build.0 = Release|Any CPU
		{E1D8F9D5-EFF3-4FA3-A4DA-A010B7CE3F5F}.Debug|Any CPU.ActiveCfg = Debug|Any CPU
		{E1D8F9D5-EFF3-4FA3-A4DA-A010B7CE3F5F}.Debug|Any CPU.Build.0 = Debug|Any CPU
		{E1D8F9D5-EFF3-4FA3-A4DA-A010B7CE3F5F}.Release|Any CPU.ActiveCfg = Release|Any CPU
		{E1D8F9D5-EFF3-4FA3-A4DA-A010B7CE3F5F}.Release|Any CPU.Build.0 = Release|Any CPU
		{B4D017CC-A5B1-4E81-94F7-244C053F3207}.Debug|Any CPU.ActiveCfg = Debug|Any CPU
		{B4D017CC-A5B1-4E81-94F7-244C053F3207}.Debug|Any CPU.Build.0 = Debug|Any CPU
		{B4D017CC-A5B1-4E81-94F7-244C053F3207}.Release|Any CPU.ActiveCfg = Release|Any CPU
		{B4D017CC-A5B1-4E81-94F7-244C053F3207}.Release|Any CPU.Build.0 = Release|Any CPU
		{CC85C743-385E-4E0E-8917-F79FB5E3951F}.Debug|Any CPU.ActiveCfg = Debug|Any CPU
		{CC85C743-385E-4E0E-8917-F79FB5E3951F}.Debug|Any CPU.Build.0 = Debug|Any CPU
		{CC85C743-385E-4E0E-8917-F79FB5E3951F}.Release|Any CPU.ActiveCfg = Release|Any CPU
		{CC85C743-385E-4E0E-8917-F79FB5E3951F}.Release|Any CPU.Build.0 = Release|Any CPU
		{6136B997-C84F-4299-8C45-0F492E17CA7E}.Debug|Any CPU.ActiveCfg = Debug|Any CPU
		{6136B997-C84F-4299-8C45-0F492E17CA7E}.Debug|Any CPU.Build.0 = Debug|Any CPU
		{6136B997-C84F-4299-8C45-0F492E17CA7E}.Release|Any CPU.ActiveCfg = Release|Any CPU
		{6136B997-C84F-4299-8C45-0F492E17CA7E}.Release|Any CPU.Build.0 = Release|Any CPU
	EndGlobalSection
	GlobalSection(SolutionProperties) = preSolution
		HideSolutionNode = FALSE
	EndGlobalSection
	GlobalSection(ExtensibilityGlobals) = postSolution
		SolutionGuid = {CED84B50-CAA8-4B13-A5A5-572470470AE3}
	EndGlobalSection
EndGlobal
